// !$*UTF8*$!
{
	archiveVersion = 1;
	classes = {
	};
	objectVersion = 50;
	objects = {

/* Begin PBXBuildFile section */
		1B7D2936234CDC8B00BBBCD1 /* AppDelegate.m in Sources */ = {isa = PBXBuildFile; fileRef = 1B7D2935234CDC8B00BBBCD1 /* AppDelegate.m */; };
		1B7D293C234CDC8B00BBBCD1 /* Main.storyboard in Resources */ = {isa = PBXBuildFile; fileRef = 1B7D293A234CDC8B00BBBCD1 /* Main.storyboard */; };
		1B7D293E234CDC8C00BBBCD1 /* Assets.xcassets in Resources */ = {isa = PBXBuildFile; fileRef = 1B7D293D234CDC8C00BBBCD1 /* Assets.xcassets */; };
		1B7D2941234CDC8C00BBBCD1 /* LaunchScreen.storyboard in Resources */ = {isa = PBXBuildFile; fileRef = 1B7D293F234CDC8C00BBBCD1 /* LaunchScreen.storyboard */; };
		1B7D2944234CDC8C00BBBCD1 /* main.m in Sources */ = {isa = PBXBuildFile; fileRef = 1B7D2943234CDC8C00BBBCD1 /* main.m */; };
		1B7D2951234CDE5E00BBBCD1 /* MRFEntry.m in Sources */ = {isa = PBXBuildFile; fileRef = 1B7D2950234CDE5E00BBBCD1 /* MRFEntry.m */; };
		1B7D2954234CE2DD00BBBCD1 /* MRFEntryController.m in Sources */ = {isa = PBXBuildFile; fileRef = 1B7D2953234CE2DD00BBBCD1 /* MRFEntryController.m */; };
/* End PBXBuildFile section */

/* Begin PBXFileReference section */
		1B7D2931234CDC8B00BBBCD1 /* JournalOBJC.app */ = {isa = PBXFileReference; explicitFileType = wrapper.application; includeInIndex = 0; path = JournalOBJC.app; sourceTree = BUILT_PRODUCTS_DIR; };
		1B7D2934234CDC8B00BBBCD1 /* AppDelegate.h */ = {isa = PBXFileReference; lastKnownFileType = sourcecode.c.h; path = AppDelegate.h; sourceTree = "<group>"; };
		1B7D2935234CDC8B00BBBCD1 /* AppDelegate.m */ = {isa = PBXFileReference; lastKnownFileType = sourcecode.c.objc; path = AppDelegate.m; sourceTree = "<group>"; };
		1B7D293B234CDC8B00BBBCD1 /* Base */ = {isa = PBXFileReference; lastKnownFileType = file.storyboard; name = Base; path = Base.lproj/Main.storyboard; sourceTree = "<group>"; };
		1B7D293D234CDC8C00BBBCD1 /* Assets.xcassets */ = {isa = PBXFileReference; lastKnownFileType = folder.assetcatalog; path = Assets.xcassets; sourceTree = "<group>"; };
		1B7D2940234CDC8C00BBBCD1 /* Base */ = {isa = PBXFileReference; lastKnownFileType = file.storyboard; name = Base; path = Base.lproj/LaunchScreen.storyboard; sourceTree = "<group>"; };
		1B7D2942234CDC8C00BBBCD1 /* Info.plist */ = {isa = PBXFileReference; lastKnownFileType = text.plist.xml; path = Info.plist; sourceTree = "<group>"; };
		1B7D2943234CDC8C00BBBCD1 /* main.m */ = {isa = PBXFileReference; lastKnownFileType = sourcecode.c.objc; path = main.m; sourceTree = "<group>"; };
		1B7D294F234CDE5E00BBBCD1 /* MRFEntry.h */ = {isa = PBXFileReference; lastKnownFileType = sourcecode.c.h; path = MRFEntry.h; sourceTree = "<group>"; };
		1B7D2950234CDE5E00BBBCD1 /* MRFEntry.m */ = {isa = PBXFileReference; lastKnownFileType = sourcecode.c.objc; path = MRFEntry.m; sourceTree = "<group>"; };
		1B7D2952234CE2DD00BBBCD1 /* MRFEntryController.h */ = {isa = PBXFileReference; lastKnownFileType = sourcecode.c.h; path = MRFEntryController.h; sourceTree = "<group>"; };
		1B7D2953234CE2DD00BBBCD1 /* MRFEntryController.m */ = {isa = PBXFileReference; lastKnownFileType = sourcecode.c.objc; path = MRFEntryController.m; sourceTree = "<group>"; };
/* End PBXFileReference section */

/* Begin PBXFrameworksBuildPhase section */
		1B7D292E234CDC8B00BBBCD1 /* Frameworks */ = {
			isa = PBXFrameworksBuildPhase;
			buildActionMask = 2147483647;
			files = (
			);
			runOnlyForDeploymentPostprocessing = 0;
		};
/* End PBXFrameworksBuildPhase section */

/* Begin PBXGroup section */
		1B7D2928234CDC8A00BBBCD1 = {
			isa = PBXGroup;
			children = (
				1B7D2933234CDC8B00BBBCD1 /* JournalOBJC */,
				1B7D2932234CDC8B00BBBCD1 /* Products */,
			);
			sourceTree = "<group>";
		};
		1B7D2932234CDC8B00BBBCD1 /* Products */ = {
			isa = PBXGroup;
			children = (
				1B7D2931234CDC8B00BBBCD1 /* JournalOBJC.app */,
			);
			name = Products;
			sourceTree = "<group>";
		};
		1B7D2933234CDC8B00BBBCD1 /* JournalOBJC */ = {
			isa = PBXGroup;
			children = (
				1B7D294B234CDDAB00BBBCD1 /* Storyboard */,
				1B7D294E234CDDC100BBBCD1 /* View Controllers */,
				1B7D294D234CDDB800BBBCD1 /* Model  Controller */,
				1B7D294C234CDDB200BBBCD1 /* Model */,
				1B7D294A234CDD9600BBBCD1 /* Resources */,
			);
			path = JournalOBJC;
			sourceTree = "<group>";
		};
		1B7D294A234CDD9600BBBCD1 /* Resources */ = {
			isa = PBXGroup;
			children = (
				1B7D2934234CDC8B00BBBCD1 /* AppDelegate.h */,
				1B7D2935234CDC8B00BBBCD1 /* AppDelegate.m */,
				1B7D293D234CDC8C00BBBCD1 /* Assets.xcassets */,
				1B7D293F234CDC8C00BBBCD1 /* LaunchScreen.storyboard */,
				1B7D2942234CDC8C00BBBCD1 /* Info.plist */,
				1B7D2943234CDC8C00BBBCD1 /* main.m */,
			);
			path = Resources;
			sourceTree = "<group>";
		};
		1B7D294B234CDDAB00BBBCD1 /* Storyboard */ = {
			isa = PBXGroup;
			children = (
				1B7D293A234CDC8B00BBBCD1 /* Main.storyboard */,
			);
			path = Storyboard;
			sourceTree = "<group>";
		};
		1B7D294C234CDDB200BBBCD1 /* Model */ = {
			isa = PBXGroup;
			children = (
				1B7D294F234CDE5E00BBBCD1 /* MRFEntry.h */,
				1B7D2950234CDE5E00BBBCD1 /* MRFEntry.m */,
			);
			path = Model;
			sourceTree = "<group>";
		};
		1B7D294D234CDDB800BBBCD1 /* Model  Controller */ = {
			isa = PBXGroup;
			children = (
				1B7D2952234CE2DD00BBBCD1 /* MRFEntryController.h */,
				1B7D2953234CE2DD00BBBCD1 /* MRFEntryController.m */,
			);
			path = "Model  Controller";
			sourceTree = "<group>";
		};
		1B7D294E234CDDC100BBBCD1 /* View Controllers */ = {
			isa = PBXGroup;
			children = (
			);
			path = "View Controllers";
			sourceTree = "<group>";
		};
/* End PBXGroup section */

/* Begin PBXNativeTarget section */
		1B7D2930234CDC8B00BBBCD1 /* JournalOBJC */ = {
			isa = PBXNativeTarget;
			buildConfigurationList = 1B7D2947234CDC8C00BBBCD1 /* Build configuration list for PBXNativeTarget "JournalOBJC" */;
			buildPhases = (
				1B7D292D234CDC8B00BBBCD1 /* Sources */,
				1B7D292E234CDC8B00BBBCD1 /* Frameworks */,
				1B7D292F234CDC8B00BBBCD1 /* Resources */,
			);
			buildRules = (
			);
			dependencies = (
			);
			name = JournalOBJC;
			productName = JournalOBJC;
			productReference = 1B7D2931234CDC8B00BBBCD1 /* JournalOBJC.app */;
			productType = "com.apple.product-type.application";
		};
/* End PBXNativeTarget section */

/* Begin PBXProject section */
		1B7D2929234CDC8A00BBBCD1 /* Project object */ = {
			isa = PBXProject;
			attributes = {
				CLASSPREFIX = MRF;
				LastUpgradeCheck = 1030;
				ORGANIZATIONNAME = "Michael Flowers";
				TargetAttributes = {
					1B7D2930234CDC8B00BBBCD1 = {
						CreatedOnToolsVersion = 10.3;
					};
				};
			};
			buildConfigurationList = 1B7D292C234CDC8B00BBBCD1 /* Build configuration list for PBXProject "JournalOBJC" */;
			compatibilityVersion = "Xcode 9.3";
			developmentRegion = en;
			hasScannedForEncodings = 0;
			knownRegions = (
				en,
				Base,
			);
			mainGroup = 1B7D2928234CDC8A00BBBCD1;
			productRefGroup = 1B7D2932234CDC8B00BBBCD1 /* Products */;
			projectDirPath = "";
			projectRoot = "";
			targets = (
				1B7D2930234CDC8B00BBBCD1 /* JournalOBJC */,
			);
		};
/* End PBXProject section */

/* Begin PBXResourcesBuildPhase section */
		1B7D292F234CDC8B00BBBCD1 /* Resources */ = {
			isa = PBXResourcesBuildPhase;
			buildActionMask = 2147483647;
			files = (
				1B7D2941234CDC8C00BBBCD1 /* LaunchScreen.storyboard in Resources */,
				1B7D293E234CDC8C00BBBCD1 /* Assets.xcassets in Resources */,
				1B7D293C234CDC8B00BBBCD1 /* Main.storyboard in Resources */,
			);
			runOnlyForDeploymentPostprocessing = 0;
		};
/* End PBXResourcesBuildPhase section */

/* Begin PBXSourcesBuildPhase section */
		1B7D292D234CDC8B00BBBCD1 /* Sources */ = {
			isa = PBXSourcesBuildPhase;
			buildActionMask = 2147483647;
			files = (
				1B7D2951234CDE5E00BBBCD1 /* MRFEntry.m in Sources */,
				1B7D2944234CDC8C00BBBCD1 /* main.m in Sources */,
				1B7D2954234CE2DD00BBBCD1 /* MRFEntryController.m in Sources */,
				1B7D2936234CDC8B00BBBCD1 /* AppDelegate.m in Sources */,
			);
			runOnlyForDeploymentPostprocessing = 0;
		};
/* End PBXSourcesBuildPhase section */

/* Begin PBXVariantGroup section */
		1B7D293A234CDC8B00BBBCD1 /* Main.storyboard */ = {
			isa = PBXVariantGroup;
			children = (
				1B7D293B234CDC8B00BBBCD1 /* Base */,
			);
			name = Main.storyboard;
			sourceTree = "<group>";
		};
		1B7D293F234CDC8C00BBBCD1 /* LaunchScreen.storyboard */ = {
			isa = PBXVariantGroup;
			children = (
				1B7D2940234CDC8C00BBBCD1 /* Base */,
			);
			name = LaunchScreen.storyboard;
			sourceTree = "<group>";
		};
/* End PBXVariantGroup section */

/* Begin XCBuildConfiguration section */
		1B7D2945234CDC8C00BBBCD1 /* Debug */ = {
			isa = XCBuildConfiguration;
			buildSettings = {
				ALWAYS_SEARCH_USER_PATHS = NO;
				CLANG_ANALYZER_NONNULL = YES;
				CLANG_ANALYZER_NUMBER_OBJECT_CONVERSION = YES_AGGRESSIVE;
				CLANG_CXX_LANGUAGE_STANDARD = "gnu++14";
				CLANG_CXX_LIBRARY = "libc++";
				CLANG_ENABLE_MODULES = YES;
				CLANG_ENABLE_OBJC_ARC = YES;
				CLANG_ENABLE_OBJC_WEAK = YES;
				CLANG_WARN_BLOCK_CAPTURE_AUTORELEASING = YES;
				CLANG_WARN_BOOL_CONVERSION = YES;
				CLANG_WARN_COMMA = YES;
				CLANG_WARN_CONSTANT_CONVERSION = YES;
				CLANG_WARN_DEPRECATED_OBJC_IMPLEMENTATIONS = YES;
				CLANG_WARN_DIRECT_OBJC_ISA_USAGE = YES_ERROR;
				CLANG_WARN_DOCUMENTATION_COMMENTS = YES;
				CLANG_WARN_EMPTY_BODY = YES;
				CLANG_WARN_ENUM_CONVERSION = YES;
				CLANG_WARN_INFINITE_RECURSION = YES;
				CLANG_WARN_INT_CONVERSION = YES;
				CLANG_WARN_NON_LITERAL_NULL_CONVERSION = YES;
				CLANG_WARN_OBJC_IMPLICIT_RETAIN_SELF = YES;
				CLANG_WARN_OBJC_LITERAL_CONVERSION = YES;
				CLANG_WARN_OBJC_ROOT_CLASS = YES_ERROR;
				CLANG_WARN_RANGE_LOOP_ANALYSIS = YES;
				CLANG_WARN_STRICT_PROTOTYPES = YES;
				CLANG_WARN_SUSPICIOUS_MOVE = YES;
				CLANG_WARN_UNGUARDED_AVAILABILITY = YES_AGGRESSIVE;
				CLANG_WARN_UNREACHABLE_CODE = YES;
				CLANG_WARN__DUPLICATE_METHOD_MATCH = YES;
				CODE_SIGN_IDENTITY = "iPhone Developer";
				COPY_PHASE_STRIP = NO;
				DEBUG_INFORMATION_FORMAT = dwarf;
				ENABLE_STRICT_OBJC_MSGSEND = YES;
				ENABLE_TESTABILITY = YES;
				GCC_C_LANGUAGE_STANDARD = gnu11;
				GCC_DYNAMIC_NO_PIC = NO;
				GCC_NO_COMMON_BLOCKS = YES;
				GCC_OPTIMIZATION_LEVEL = 0;
				GCC_PREPROCESSOR_DEFINITIONS = (
					"DEBUG=1",
					"$(inherited)",
				);
				GCC_WARN_64_TO_32_BIT_CONVERSION = YES;
				GCC_WARN_ABOUT_RETURN_TYPE = YES_ERROR;
				GCC_WARN_UNDECLARED_SELECTOR = YES;
				GCC_WARN_UNINITIALIZED_AUTOS = YES_AGGRESSIVE;
				GCC_WARN_UNUSED_FUNCTION = YES;
				GCC_WARN_UNUSED_VARIABLE = YES;
				IPHONEOS_DEPLOYMENT_TARGET = 12.4;
				MTL_ENABLE_DEBUG_INFO = INCLUDE_SOURCE;
				MTL_FAST_MATH = YES;
				ONLY_ACTIVE_ARCH = YES;
				SDKROOT = iphoneos;
			};
			name = Debug;
		};
		1B7D2946234CDC8C00BBBCD1 /* Release */ = {
			isa = XCBuildConfiguration;
			buildSettings = {
				ALWAYS_SEARCH_USER_PATHS = NO;
				CLANG_ANALYZER_NONNULL = YES;
				CLANG_ANALYZER_NUMBER_OBJECT_CONVERSION = YES_AGGRESSIVE;
				CLANG_CXX_LANGUAGE_STANDARD = "gnu++14";
				CLANG_CXX_LIBRARY = "libc++";
				CLANG_ENABLE_MODULES = YES;
				CLANG_ENABLE_OBJC_ARC = YES;
				CLANG_ENABLE_OBJC_WEAK = YES;
				CLANG_WARN_BLOCK_CAPTURE_AUTORELEASING = YES;
				CLANG_WARN_BOOL_CONVERSION = YES;
				CLANG_WARN_COMMA = YES;
				CLANG_WARN_CONSTANT_CONVERSION = YES;
				CLANG_WARN_DEPRECATED_OBJC_IMPLEMENTATIONS = YES;
				CLANG_WARN_DIRECT_OBJC_ISA_USAGE = YES_ERROR;
				CLANG_WARN_DOCUMENTATION_COMMENTS = YES;
				CLANG_WARN_EMPTY_BODY = YES;
				CLANG_WARN_ENUM_CONVERSION = YES;
				CLANG_WARN_INFINITE_RECURSION = YES;
				CLANG_WARN_INT_CONVERSION = YES;
				CLANG_WARN_NON_LITERAL_NULL_CONVERSION = YES;
				CLANG_WARN_OBJC_IMPLICIT_RETAIN_SELF = YES;
				CLANG_WARN_OBJC_LITERAL_CONVERSION = YES;
				CLANG_WARN_OBJC_ROOT_CLASS = YES_ERROR;
				CLANG_WARN_RANGE_LOOP_ANALYSIS = YES;
				CLANG_WARN_STRICT_PROTOTYPES = YES;
				CLANG_WARN_SUSPICIOUS_MOVE = YES;
				CLANG_WARN_UNGUARDED_AVAILABILITY = YES_AGGRESSIVE;
				CLANG_WARN_UNREACHABLE_CODE = YES;
				CLANG_WARN__DUPLICATE_METHOD_MATCH = YES;
				CODE_SIGN_IDENTITY = "iPhone Developer";
				COPY_PHASE_STRIP = NO;
				DEBUG_INFORMATION_FORMAT = "dwarf-with-dsym";
				ENABLE_NS_ASSERTIONS = NO;
				ENABLE_STRICT_OBJC_MSGSEND = YES;
				GCC_C_LANGUAGE_STANDARD = gnu11;
				GCC_NO_COMMON_BLOCKS = YES;
				GCC_WARN_64_TO_32_BIT_CONVERSION = YES;
				GCC_WARN_ABOUT_RETURN_TYPE = YES_ERROR;
				GCC_WARN_UNDECLARED_SELECTOR = YES;
				GCC_WARN_UNINITIALIZED_AUTOS = YES_AGGRESSIVE;
				GCC_WARN_UNUSED_FUNCTION = YES;
				GCC_WARN_UNUSED_VARIABLE = YES;
				IPHONEOS_DEPLOYMENT_TARGET = 12.4;
				MTL_ENABLE_DEBUG_INFO = NO;
				MTL_FAST_MATH = YES;
				SDKROOT = iphoneos;
				VALIDATE_PRODUCT = YES;
			};
			name = Release;
		};
		1B7D2948234CDC8C00BBBCD1 /* Debug */ = {
			isa = XCBuildConfiguration;
			buildSettings = {
				ASSETCATALOG_COMPILER_APPICON_NAME = AppIcon;
				CODE_SIGN_STYLE = Automatic;
				DEVELOPMENT_TEAM = X4W7EQ4E4R;
				INFOPLIST_FILE = "$(SRCROOT)/JournalOBJC/Resources/Info.plist";
				LD_RUNPATH_SEARCH_PATHS = (
					"$(inherited)",
					"@executable_path/Frameworks",
				);
				PRODUCT_BUNDLE_IDENTIFIER = flowers.JournalOBJC;
				PRODUCT_NAME = "$(TARGET_NAME)";
				TARGETED_DEVICE_FAMILY = "1,2";
			};
			name = Debug;
		};
		1B7D2949234CDC8C00BBBCD1 /* Release */ = {
			isa = XCBuildConfiguration;
			buildSettings = {
				ASSETCATALOG_COMPILER_APPICON_NAME = AppIcon;
				CODE_SIGN_STYLE = Automatic;
				DEVELOPMENT_TEAM = X4W7EQ4E4R;
				INFOPLIST_FILE = "$(SRCROOT)/JournalOBJC/Resources/Info.plist";
				LD_RUNPATH_SEARCH_PATHS = (
					"$(inherited)",
					"@executable_path/Frameworks",
				);
				PRODUCT_BUNDLE_IDENTIFIER = flowers.JournalOBJC;
				PRODUCT_NAME = "$(TARGET_NAME)";
				TARGETED_DEVICE_FAMILY = "1,2";
			};
			name = Release;
		};
/* End XCBuildConfiguration section */

/* Begin XCConfigurationList section */
		1B7D292C234CDC8B00BBBCD1 /* Build configuration list for PBXProject "JournalOBJC" */ = {
			isa = XCConfigurationList;
			buildConfigurations = (
				1B7D2945234CDC8C00BBBCD1 /* Debug */,
				1B7D2946234CDC8C00BBBCD1 /* Release */,
			);
			defaultConfigurationIsVisible = 0;
			defaultConfigurationName = Release;
		};
		1B7D2947234CDC8C00BBBCD1 /* Build configuration list for PBXNativeTarget "JournalOBJC" */ = {
			isa = XCConfigurationList;
			buildConfigurations = (
				1B7D2948234CDC8C00BBBCD1 /* Debug */,
				1B7D2949234CDC8C00BBBCD1 /* Release */,
			);
			defaultConfigurationIsVisible = 0;
			defaultConfigurationName = Release;
		};
/* End XCConfigurationList section */
	};
	rootObject = 1B7D2929234CDC8A00BBBCD1 /* Project object */;
}
